
Microsoft Visual Studio Solution File, Format Version 12.00
# Visual Studio Version 17
VisualStudioVersion = 17.3.32929.385
MinimumVisualStudioVersion = 10.0.40219.1
Project("{FAE04EC0-301F-11D3-BF4B-00C04F79EFBC}") = "WitchyBND", "WitchyBND\WitchyBND.csproj", "{0406FE88-F044-4A16-994E-6E3C9715AC60}"
EndProject
Project("{FAE04EC0-301F-11D3-BF4B-00C04F79EFBC}") = "WitchyBND.DCX", "WitchyBND.DCX\WitchyBND.DCX.csproj", "{3037F615-871F-4EDB-A170-CD57660A1C35}"
EndProject
Project("{FAE04EC0-301F-11D3-BF4B-00C04F79EFBC}") = "WitchyBND.Context", "WitchyBND.Context\WitchyBND.Context.csproj", "{A67A63D3-7C41-4127-93C9-F7C71471D26B}"
EndProject
Project("{FAE04EC0-301F-11D3-BF4B-00C04F79EFBC}") = "StudioUtils", "StudioUtils\StudioUtils.csproj", "{2BFBF581-55F6-4C1B-B97B-BDCACDB73114}"
EndProject
Project("{FAE04EC0-301F-11D3-BF4B-00C04F79EFBC}") = "SoulsFormats", "SoulsFormats\SoulsFormats.csproj", "{952FE9C9-706F-4E79-BBC0-AE10A29B661C}"
EndProject
Project("{FAE04EC0-301F-11D3-BF4B-00C04F79EFBC}") = "WitchyFormats", "WitchyFormats\WitchyFormats.csproj", "{D41DD094-077E-4673-ACD0-CC06E5F4F095}"
EndProject
Global
	GlobalSection(SolutionConfigurationPlatforms) = preSolution
		Debug|Any CPU = Debug|Any CPU
		Release|Any CPU = Release|Any CPU
	EndGlobalSection
	GlobalSection(ProjectConfigurationPlatforms) = postSolution
		{0406FE88-F044-4A16-994E-6E3C9715AC60}.Debug|Any CPU.ActiveCfg = Debug|Any CPU
		{0406FE88-F044-4A16-994E-6E3C9715AC60}.Debug|Any CPU.Build.0 = Debug|Any CPU
		{0406FE88-F044-4A16-994E-6E3C9715AC60}.Release|Any CPU.ActiveCfg = Release|Any CPU
		{0406FE88-F044-4A16-994E-6E3C9715AC60}.Release|Any CPU.Build.0 = Release|Any CPU
		{3037F615-871F-4EDB-A170-CD57660A1C35}.Debug|Any CPU.ActiveCfg = Debug|Any CPU
		{3037F615-871F-4EDB-A170-CD57660A1C35}.Debug|Any CPU.Build.0 = Debug|Any CPU
		{3037F615-871F-4EDB-A170-CD57660A1C35}.Release|Any CPU.ActiveCfg = Release|Any CPU
		{3037F615-871F-4EDB-A170-CD57660A1C35}.Release|Any CPU.Build.0 = Release|Any CPU
		{A67A63D3-7C41-4127-93C9-F7C71471D26B}.Debug|Any CPU.ActiveCfg = Debug|Any CPU
		{A67A63D3-7C41-4127-93C9-F7C71471D26B}.Debug|Any CPU.Build.0 = Debug|Any CPU
		{A67A63D3-7C41-4127-93C9-F7C71471D26B}.Release|Any CPU.ActiveCfg = Release|Any CPU
		{A67A63D3-7C41-4127-93C9-F7C71471D26B}.Release|Any CPU.Build.0 = Release|Any CPU
		{2BFBF581-55F6-4C1B-B97B-BDCACDB73114}.Debug|Any CPU.ActiveCfg = Debug|Any CPU
		{2BFBF581-55F6-4C1B-B97B-BDCACDB73114}.Debug|Any CPU.Build.0 = Debug|Any CPU
		{2BFBF581-55F6-4C1B-B97B-BDCACDB73114}.Release|Any CPU.ActiveCfg = Release|Any CPU
		{2BFBF581-55F6-4C1B-B97B-BDCACDB73114}.Release|Any CPU.Build.0 = Release|Any CPU
		{952FE9C9-706F-4E79-BBC0-AE10A29B661C}.Debug|Any CPU.ActiveCfg = Debug|x64
		{952FE9C9-706F-4E79-BBC0-AE10A29B661C}.Debug|Any CPU.Build.0 = Debug|x64
		{952FE9C9-706F-4E79-BBC0-AE10A29B661C}.Release|Any CPU.ActiveCfg = Release|x64
		{952FE9C9-706F-4E79-BBC0-AE10A29B661C}.Release|Any CPU.Build.0 = Release|x64
		{D41DD094-077E-4673-ACD0-CC06E5F4F095}.Debug|Any CPU.ActiveCfg = Debug|Any CPU
		{D41DD094-077E-4673-ACD0-CC06E5F4F095}.Debug|Any CPU.Build.0 = Debug|Any CPU
		{D41DD094-077E-4673-ACD0-CC06E5F4F095}.Release|Any CPU.ActiveCfg = Release|Any CPU
		{D41DD094-077E-4673-ACD0-CC06E5F4F095}.Release|Any CPU.Build.0 = Release|Any CPU
	EndGlobalSection
	GlobalSection(SolutionProperties) = preSolution
		HideSolutionNode = FALSE
	EndGlobalSection
	GlobalSection(ExtensibilityGlobals) = postSolution
		SolutionGuid = {CD3C7BB2-A2DF-4F70-B715-BA99FC151E20}
	EndGlobalSection
EndGlobal
