{
  "version": 1,
  "dependencies": {
    "net8.0-windows7.0": {
      "CommandLineParser": {
        "type": "Direct",
        "requested": "[2.9.1, )",
        "resolved": "2.9.1",
        "contentHash": "OE0sl1/sQ37bjVsPKKtwQlWDgqaxWgtme3xZz7JssWUzg5JpMIyHgCTY9MVMxOg48fJ1AgGT3tgdH5m/kQ5xhA=="
      },
      "Microsoft.CSharp": {
        "type": "Direct",
        "requested": "[4.7.0, )",
        "resolved": "4.7.0",
        "contentHash": "pTj+D3uJWyN3My70i2Hqo+OXixq3Os2D1nJ2x92FFo6sk8fYS1m1WLNTs0Dc1uPaViH0YvEEwvzddQ7y4rhXmA=="
      },
      "Microsoft.Extensions.Configuration.Binder": {
        "type": "Direct",
        "requested": "[8.0.0-preview.7.23375.6, )",
        "resolved": "8.0.0-preview.7.23375.6",
        "contentHash": "8YjROL/QyuNg3++VJ/jCewanY16dW9uCWT3Coick0gPEnyO8yguGxqQ3Dr6cXb0leYMxT0WFJp9Fm3CyOkmAxA==",
        "dependencies": {
          "Microsoft.Extensions.Configuration.Abstractions": "8.0.0-preview.7.23375.6"
        }
      },
      "Microsoft.Extensions.Configuration.Json": {
        "type": "Direct",
        "requested": "[8.0.0-preview.7.23375.6, )",
        "resolved": "8.0.0-preview.7.23375.6",
        "contentHash": "5QUIOCfDDXiJyp2u1u0e4ri8F8Lw9K3ZdIriMOhGFGhg6nxyZDDdD07ddcmSHtxlj2SNI29SQ/33uUWfaE8fsg==",
        "dependencies": {
          "Microsoft.Extensions.Configuration": "8.0.0-preview.7.23375.6",
          "Microsoft.Extensions.Configuration.Abstractions": "8.0.0-preview.7.23375.6",
          "Microsoft.Extensions.Configuration.FileExtensions": "8.0.0-preview.7.23375.6",
          "Microsoft.Extensions.FileProviders.Abstractions": "8.0.0-preview.7.23375.6",
          "System.Text.Json": "8.0.0-preview.7.23375.6"
        }
      },
      "Microsoft.Extensions.DependencyInjection": {
        "type": "Direct",
        "requested": "[8.0.0, )",
        "resolved": "8.0.0",
        "contentHash": "V8S3bsm50ig6JSyrbcJJ8bW2b9QLGouz+G1miK3UTaOWmMtFwNNNzUf4AleyDWUmTrWMLNnFSLEQtxmxgNQnNQ==",
        "dependencies": {
          "Microsoft.Extensions.DependencyInjection.Abstractions": "8.0.0"
        }
      },
      "Microsoft.Extensions.Hosting.Abstractions": {
        "type": "Direct",
        "requested": "[8.0.0, )",
        "resolved": "8.0.0",
        "contentHash": "AG7HWwVRdCHlaA++1oKDxLsXIBxmDpMPb3VoyOoAghEWnkUvEAdYQUwnV4jJbAaa/nMYNiEh5ByoLauZBEiovg==",
        "dependencies": {
          "Microsoft.Extensions.Configuration.Abstractions": "8.0.0",
          "Microsoft.Extensions.DependencyInjection.Abstractions": "8.0.0",
          "Microsoft.Extensions.Diagnostics.Abstractions": "8.0.0",
          "Microsoft.Extensions.FileProviders.Abstractions": "8.0.0",
          "Microsoft.Extensions.Logging.Abstractions": "8.0.0"
        }
      },
      "Microsoft.NET.ILLink.Tasks": {
        "type": "Direct",
        "requested": "[8.0.4, )",
        "resolved": "8.0.4",
        "contentHash": "PZb5nfQ+U19nhnmnR9T1jw+LTmozhuG2eeuzuW5A7DqxD/UXW2ucjmNJqnqOuh8rdPzM3MQXoF8AfFCedJdCUw=="
      },
      "NativeFileDialogSharp": {
        "type": "Direct",
        "requested": "[0.6.0-alpha, )",
        "resolved": "0.6.0-alpha",
        "contentHash": "2JvfxgAMWEGA9rIuYw+/vcj8eisBJbb4fzviJU47urU72z7m6BW2SykaMRtQorr06Xh3ZxG+gykiqV3D4crfLA=="
      },
      "securifybv.ShellLink": {
        "type": "Direct",
        "requested": "[0.1.0, )",
        "resolved": "0.1.0",
        "contentHash": "VjJ8rJi6+yVla8DG1XRthwVneZq2Iojhf0KXwEKqJ+bIgbFTCIMpq33i0/HvPJSS1TdmaoGEnPHmjwP2ibenaA==",
        "dependencies": {
          "securifybv.PropertyStore": "0.1.0"
        }
      },
      "BouncyCastle.Cryptography": {
        "type": "Transitive",
        "resolved": "2.2.0",
        "contentHash": "TEhtnfEnxppBM7u3t8hysLwdaWjGEK+IF6Gy6yI69oLT7nlYdyPlgoLaHAq+HqY+ycq58YtCVetAzXtHjqRytQ=="
      },
      "EastAsianWidthDotNet": {
        "type": "Transitive",
        "resolved": "1.0.1",
        "contentHash": "vCn17XpsjpqAQvWCa5oUh81d/AVytUcBG9frXoDa+f66iuAiq9T4kDcqQnyp3dbN9cJ0cJA6ML98glpf315haQ=="
      },
      "Microsoft.Extensions.Configuration": {
        "type": "Transitive",
        "resolved": "8.0.0-preview.7.23375.6",
        "contentHash": "IBOUkqIQb2VOaLzB6ljWaAqAyW8N1f2cZH34Em1lTfitGYUP18QjedzbW+/v9Gb8YqNTQ6rhL7rBsBi3mZyc1A==",
        "dependencies": {
          "Microsoft.Extensions.Configuration.Abstractions": "8.0.0-preview.7.23375.6",
          "Microsoft.Extensions.Primitives": "8.0.0-preview.7.23375.6"
        }
      },
      "Microsoft.Extensions.Configuration.Abstractions": {
        "type": "Transitive",
        "resolved": "8.0.0",
        "contentHash": "3lE/iLSutpgX1CC0NOW70FJoGARRHbyKmG7dc0klnUZ9Dd9hS6N/POPWhKhMLCEuNN5nXEY5agmlFtH562vqhQ==",
        "dependencies": {
          "Microsoft.Extensions.Primitives": "8.0.0"
        }
      },
      "Microsoft.Extensions.Configuration.FileExtensions": {
        "type": "Transitive",
        "resolved": "8.0.0-preview.7.23375.6",
        "contentHash": "bOysJh+1kLNCpKpJYm28jNVbydpdh7ORLGEkNd9HGV1aEmXve60T65leVsXAUCgByPZObElKsnhnL67jVWBORQ==",
        "dependencies": {
          "Microsoft.Extensions.Configuration": "8.0.0-preview.7.23375.6",
          "Microsoft.Extensions.Configuration.Abstractions": "8.0.0-preview.7.23375.6",
          "Microsoft.Extensions.FileProviders.Abstractions": "8.0.0-preview.7.23375.6",
          "Microsoft.Extensions.FileProviders.Physical": "8.0.0-preview.7.23375.6",
          "Microsoft.Extensions.Primitives": "8.0.0-preview.7.23375.6"
        }
      },
      "Microsoft.Extensions.DependencyInjection.Abstractions": {
        "type": "Transitive",
        "resolved": "8.0.0",
        "contentHash": "cjWrLkJXK0rs4zofsK4bSdg+jhDLTaxrkXu4gS6Y7MAlCvRyNNgwY/lJi5RDlQOnSZweHqoyvgvbdvQsRIW+hg=="
      },
      "Microsoft.Extensions.Diagnostics.Abstractions": {
        "type": "Transitive",
        "resolved": "8.0.0",
        "contentHash": "JHYCQG7HmugNYUhOl368g+NMxYE/N/AiclCYRNlgCY9eVyiBkOHMwK4x60RYMxv9EL3+rmj1mqHvdCiPpC+D4Q==",
        "dependencies": {
          "Microsoft.Extensions.DependencyInjection.Abstractions": "8.0.0",
          "Microsoft.Extensions.Options": "8.0.0",
          "System.Diagnostics.DiagnosticSource": "8.0.0"
        }
      },
      "Microsoft.Extensions.FileProviders.Abstractions": {
        "type": "Transitive",
        "resolved": "8.0.0",
        "contentHash": "ZbaMlhJlpisjuWbvXr4LdAst/1XxH3vZ6A0BsgTphZ2L4PGuxRLz7Jr/S7mkAAnOn78Vu0fKhEgNF5JO3zfjqQ==",
        "dependencies": {
          "Microsoft.Extensions.Primitives": "8.0.0"
        }
      },
      "Microsoft.Extensions.FileProviders.Physical": {
        "type": "Transitive",
        "resolved": "8.0.0-preview.7.23375.6",
        "contentHash": "yeQKItAqoHvCdgE5IIVBiWPnJIWQ7B5dOhmfZ6or+kmDJcdNOWQT45PTzizIBQ2dKT2cB6BaAIK+6jAmMyUU5w==",
        "dependencies": {
          "Microsoft.Extensions.FileProviders.Abstractions": "8.0.0-preview.7.23375.6",
          "Microsoft.Extensions.FileSystemGlobbing": "8.0.0-preview.7.23375.6",
          "Microsoft.Extensions.Primitives": "8.0.0-preview.7.23375.6"
        }
      },
      "Microsoft.Extensions.FileSystemGlobbing": {
        "type": "Transitive",
        "resolved": "8.0.0-preview.7.23375.6",
        "contentHash": "DTnRifpgJYjjxGgpTBsfJDK82Cq5algQHOQnd4f7R7R4bMeYcdjyaqd3NAKXn4RU47CfNqB9/dIZS8OlHVgckQ=="
      },
      "Microsoft.Extensions.Logging.Abstractions": {
        "type": "Transitive",
        "resolved": "8.0.0",
        "contentHash": "arDBqTgFCyS0EvRV7O3MZturChstm50OJ0y9bDJvAcmEPJm0FFpFyjU/JLYyStNGGey081DvnQYlncNX5SJJGA==",
        "dependencies": {
          "Microsoft.Extensions.DependencyInjection.Abstractions": "8.0.0"
        }
      },
      "Microsoft.Extensions.Options": {
        "type": "Transitive",
        "resolved": "8.0.0",
        "contentHash": "JOVOfqpnqlVLUzINQ2fox8evY2SKLYJ3BV8QDe/Jyp21u1T7r45x/R/5QdteURMR5r01GxeJSBBUOCOyaNXA3g==",
        "dependencies": {
          "Microsoft.Extensions.DependencyInjection.Abstractions": "8.0.0",
          "Microsoft.Extensions.Primitives": "8.0.0"
        }
      },
      "Microsoft.Extensions.Primitives": {
        "type": "Transitive",
        "resolved": "8.0.0",
        "contentHash": "bXJEZrW9ny8vjMF1JV253WeLhpEVzFo1lyaZu1vQ4ZxWUlVvknZ/+ftFgVheLubb4eZPSwwxBeqS1JkCOjxd8g=="
      },
      "Microsoft.NETCore.Platforms": {
        "type": "Transitive",
        "resolved": "1.1.0",
        "contentHash": "kz0PEW2lhqygehI/d6XsPCQzD7ff7gUJaVGPVETX611eadGsA3A877GdSlU0LRVMCTH/+P3o2iDTak+S08V2+A=="
      },
      "Microsoft.NETCore.Targets": {
        "type": "Transitive",
        "resolved": "1.1.0",
        "contentHash": "aOZA3BWfz9RXjpzt0sRJJMjAscAUm3Hoa4UWAfceV9UTYxgwZ1lZt5nO2myFf+/jetYQo4uTP7zS8sJY67BBxg=="
      },
      "Newtonsoft.Json": {
        "type": "Transitive",
        "resolved": "13.0.3",
        "contentHash": "HrC5BXdl00IP9zeV+0Z848QWPAoCr9P3bDEZguI+gkLcBKAOxix/tLEAAHC+UvDNPv4a2d18lOReHMOagPa+zQ=="
      },
      "PromptPlus": {
        "type": "Transitive",
        "resolved": "4.2.0",
        "contentHash": "Won6lYBsdKarWafpfMjd81MlI7WPnW8cDQ7ODY5RBqlOaQ2vrHEOc22BMOEHHwJDm777DNLvcTN4Dy22fBrbBQ==",
        "dependencies": {
          "EastAsianWidthDotNet": "1.0.1",
          "System.ComponentModel.Annotations": "5.0.0",
          "System.IO": "4.3.0",
          "System.Text.Json": "7.0.3"
        }
      },
      "securifybv.PropertyStore": {
        "type": "Transitive",
        "resolved": "0.1.0",
        "contentHash": "N7oMyWl3RCbSi8SFK3vVtBpJD3OompLGZOwO2VQpyw6d8Qk8HTxCSuQzeSB4QzUWewQvMoQu5Qr5QgDQ1z5/5g=="
      },
      "System.ComponentModel.Annotations": {
        "type": "Transitive",
        "resolved": "5.0.0",
        "contentHash": "dMkqfy2el8A8/I76n2Hi1oBFEbG1SfxD2l5nhwXV3XjlnOmwxJlQbYpJH4W51odnU9sARCSAgv7S3CyAFMkpYg=="
      },
      "System.Diagnostics.DiagnosticSource": {
        "type": "Transitive",
        "resolved": "8.0.0",
        "contentHash": "c9xLpVz6PL9lp/djOWtk5KPDZq3cSYpmXoJQY524EOtuFl5z9ZtsotpsyrDW40U1DRnQSYvcPKEUV0X//u6gkQ=="
      },
      "System.IO": {
        "type": "Transitive",
        "resolved": "4.3.0",
        "contentHash": "3qjaHvxQPDpSOYICjUoTsmoq5u6QJAFRUITgeT/4gqkF1bajbSmb1kwSxEA8AHlofqgcKJcM8udgieRNhaJ5Cg==",
        "dependencies": {
          "Microsoft.NETCore.Platforms": "1.1.0",
          "Microsoft.NETCore.Targets": "1.1.0",
          "System.Runtime": "4.3.0",
          "System.Text.Encoding": "4.3.0",
          "System.Threading.Tasks": "4.3.0"
        }
      },
      "System.Runtime": {
        "type": "Transitive",
        "resolved": "4.3.0",
        "contentHash": "JufQi0vPQ0xGnAczR13AUFglDyVYt4Kqnz1AZaiKZ5+GICq0/1MH/mO/eAJHt/mHW1zjKBJd7kV26SrxddAhiw==",
        "dependencies": {
          "Microsoft.NETCore.Platforms": "1.1.0",
          "Microsoft.NETCore.Targets": "1.1.0"
        }
      },
      "System.Text.Encoding": {
        "type": "Transitive",
        "resolved": "4.3.0",
        "contentHash": "BiIg+KWaSDOITze6jGQynxg64naAPtqGHBwDrLaCtixsa5bKiR8dpPOHA7ge3C0JJQizJE+sfkz1wV+BAKAYZw==",
        "dependencies": {
          "Microsoft.NETCore.Platforms": "1.1.0",
          "Microsoft.NETCore.Targets": "1.1.0",
          "System.Runtime": "4.3.0"
        }
      },
      "System.Text.Encoding.CodePages": {
        "type": "Transitive",
        "resolved": "7.0.0",
        "contentHash": "LSyCblMpvOe0N3E+8e0skHcrIhgV2huaNcjUUEa8hRtgEAm36aGkRoC8Jxlb6Ra6GSfF29ftduPNywin8XolzQ=="
      },
      "System.Text.Encodings.Web": {
        "type": "Transitive",
        "resolved": "8.0.0-preview.7.23375.6",
        "contentHash": "vCdCGFDzYkDfcnNd5ck7ngX9IUhXoMkfUlLWWw0BWBs/6LOF596LtkoG15pGxLS4s/HuTHsyrQ6USZSZa8blNA=="
      },
      "System.Text.Json": {
        "type": "Transitive",
        "resolved": "8.0.0-preview.7.23375.6",
        "contentHash": "xsCKwwq+cK/VwE61P1vr9yZh0p5LEQ+hG1MGKzpheA1gJgSKIQ6ArNp9nIYwoDX5WR+ichovXq117O0wHAZNLA==",
        "dependencies": {
          "System.Text.Encodings.Web": "8.0.0-preview.7.23375.6"
        }
      },
      "System.Threading.Tasks": {
        "type": "Transitive",
        "resolved": "4.3.0",
        "contentHash": "LbSxKEdOUhVe8BezB/9uOGGppt+nZf6e1VFyw6v3DN6lqitm0OSn2uXMOdtP0M3W4iMcqcivm2J6UgqiwwnXiA==",
        "dependencies": {
          "Microsoft.NETCore.Platforms": "1.1.0",
          "Microsoft.NETCore.Targets": "1.1.0",
          "System.Runtime": "4.3.0"
        }
      },
      "System.ValueTuple": {
        "type": "Transitive",
        "resolved": "4.5.0",
        "contentHash": "okurQJO6NRE/apDIP23ajJ0hpiNmJ+f0BwOlB/cSqTLQlw5upkf+5+96+iG2Jw40G1fCVCyPz/FhIABUjMR+RQ=="
      },
      "soulsformats": {
        "type": "Project",
        "dependencies": {
          "BouncyCastle.Cryptography": "[2.2.0, )",
          "System.Text.Encoding.CodePages": "[7.0.0, )",
          "System.ValueTuple": "[4.5.0, )"
        }
      },
      "soulsoodlelib": {
        "type": "Project",
        "dependencies": {
          "BouncyCastle.Cryptography": "[2.2.0, )",
          "NativeFileDialogSharp": "[0.6.0-alpha, )",
          "SoulsFormats": "[2.8.0, )"
        }
      },
      "studioutils": {
        "type": "Project"
      },
      "witchyformats": {
        "type": "Project",
        "dependencies": {
          "SoulsFormats": "[2.8.0, )",
          "StudioUtils": "[2.8.0, )"
        }
      },
      "witchylib": {
        "type": "Project",
        "dependencies": {
          "Microsoft.CSharp": "[4.7.0, )",
          "Microsoft.Extensions.FileSystemGlobbing": "[8.0.0-preview.2.23128.3, )",
          "Newtonsoft.Json": "[13.0.3, )",
          "PromptPlus": "[4.2.0, )",
          "SoulsFormats": "[2.8.0, )",
          "WitchyFormats": "[2.8.0, )"
        }
      }
    },
    "net8.0-windows7.0/win-x64": {
      "NativeFileDialogSharp": {
        "type": "Direct",
        "requested": "[0.6.0-alpha, )",
        "resolved": "0.6.0-alpha",
        "contentHash": "2JvfxgAMWEGA9rIuYw+/vcj8eisBJbb4fzviJU47urU72z7m6BW2SykaMRtQorr06Xh3ZxG+gykiqV3D4crfLA=="
      },
      "runtime.any.System.IO": {
        "type": "Transitive",
        "resolved": "4.3.0",
        "contentHash": "SDZ5AD1DtyRoxYtEcqQ3HDlcrorMYXZeCt7ZhG9US9I5Vva+gpIWDGMkcwa5XiKL0ceQKRZIX2x0XEjLX7PDzQ=="
      },
      "runtime.any.System.Runtime": {
        "type": "Transitive",
        "resolved": "4.3.0",
        "contentHash": "fRS7zJgaG9NkifaAxGGclDDoRn9HC7hXACl52Or06a/fxdzDajWb5wov3c6a+gVSlekRoexfjwQSK9sh5um5LQ==",
        "dependencies": {
          "System.Private.Uri": "4.3.0"
        }
      },
      "runtime.any.System.Text.Encoding": {
        "type": "Transitive",
        "resolved": "4.3.0",
        "contentHash": "+ihI5VaXFCMVPJNstG4O4eo1CfbrByLxRrQQTqOTp1ttK0kUKDqOdBSTaCB2IBk/QtjDrs6+x4xuezyMXdm0HQ=="
      },
      "runtime.any.System.Threading.Tasks": {
        "type": "Transitive",
        "resolved": "4.3.0",
        "contentHash": "OhBAVBQG5kFj1S+hCEQ3TUHBAEtZ3fbEMgZMRNdN8A0Pj4x+5nTELEqL59DU0TjKVE6II3dqKw4Dklb3szT65w=="
      },
      "System.IO": {
        "type": "Transitive",
        "resolved": "4.3.0",
        "contentHash": "3qjaHvxQPDpSOYICjUoTsmoq5u6QJAFRUITgeT/4gqkF1bajbSmb1kwSxEA8AHlofqgcKJcM8udgieRNhaJ5Cg==",
        "dependencies": {
          "Microsoft.NETCore.Platforms": "1.1.0",
          "Microsoft.NETCore.Targets": "1.1.0",
          "System.Runtime": "4.3.0",
          "System.Text.Encoding": "4.3.0",
          "System.Threading.Tasks": "4.3.0",
          "runtime.any.System.IO": "4.3.0"
        }
      },
      "System.Private.Uri": {
        "type": "Transitive",
        "resolved": "4.3.0",
        "contentHash": "I4SwANiUGho1esj4V4oSlPllXjzCZDE+5XXso2P03LW2vOda2Enzh8DWOxwN6hnrJyp314c7KuVu31QYhRzOGg==",
        "dependencies": {
          "Microsoft.NETCore.Platforms": "1.1.0",
          "Microsoft.NETCore.Targets": "1.1.0"
        }
      },
      "System.Runtime": {
        "type": "Transitive",
        "resolved": "4.3.0",
        "contentHash": "JufQi0vPQ0xGnAczR13AUFglDyVYt4Kqnz1AZaiKZ5+GICq0/1MH/mO/eAJHt/mHW1zjKBJd7kV26SrxddAhiw==",
        "dependencies": {
          "Microsoft.NETCore.Platforms": "1.1.0",
          "Microsoft.NETCore.Targets": "1.1.0",
          "runtime.any.System.Runtime": "4.3.0"
        }
      },
      "System.Text.Encoding": {
        "type": "Transitive",
        "resolved": "4.3.0",
        "contentHash": "BiIg+KWaSDOITze6jGQynxg64naAPtqGHBwDrLaCtixsa5bKiR8dpPOHA7ge3C0JJQizJE+sfkz1wV+BAKAYZw==",
        "dependencies": {
          "Microsoft.NETCore.Platforms": "1.1.0",
          "Microsoft.NETCore.Targets": "1.1.0",
          "System.Runtime": "4.3.0",
          "runtime.any.System.Text.Encoding": "4.3.0"
        }
      },
      "System.Text.Encoding.CodePages": {
        "type": "Transitive",
        "resolved": "7.0.0",
        "contentHash": "LSyCblMpvOe0N3E+8e0skHcrIhgV2huaNcjUUEa8hRtgEAm36aGkRoC8Jxlb6Ra6GSfF29ftduPNywin8XolzQ=="
      },
      "System.Text.Encodings.Web": {
        "type": "Transitive",
        "resolved": "8.0.0-preview.7.23375.6",
        "contentHash": "vCdCGFDzYkDfcnNd5ck7ngX9IUhXoMkfUlLWWw0BWBs/6LOF596LtkoG15pGxLS4s/HuTHsyrQ6USZSZa8blNA=="
      },
      "System.Threading.Tasks": {
        "type": "Transitive",
        "resolved": "4.3.0",
        "contentHash": "LbSxKEdOUhVe8BezB/9uOGGppt+nZf6e1VFyw6v3DN6lqitm0OSn2uXMOdtP0M3W4iMcqcivm2J6UgqiwwnXiA==",
        "dependencies": {
          "Microsoft.NETCore.Platforms": "1.1.0",
          "Microsoft.NETCore.Targets": "1.1.0",
          "System.Runtime": "4.3.0",
          "runtime.any.System.Threading.Tasks": "4.3.0"
        }
      }
    }
  }
}