{
  "version": 1,
  "dependencies": {
    "net8.0": {
      "BouncyCastle.Cryptography": {
        "type": "Transitive",
        "resolved": "2.4.0",
        "contentHash": "SwXsAV3sMvAU/Nn31pbjhWurYSjJ+/giI/0n6tCrYoupEK34iIHCuk3STAd9fx8yudM85KkLSVdn951vTng/vQ=="
      },
      "DrSwizzler": {
        "type": "Transitive",
        "resolved": "1.1.1",
        "contentHash": "9zB7kjdI8CVxNXuMYkoNOr0xwIa9KGWQ/+A0ICAF9J1UQ8SbS8DgYebfSfMsr5JsaRM6PNH1JOSowjvdq/6XPA=="
      },
      "Microsoft.NETCore.Platforms": {
        "type": "Transitive",
        "resolved": "3.1.0",
        "contentHash": "z7aeg8oHln2CuNulfhiLYxCVMPEwBl3rzicjvIX+4sUuCwvXw5oXQEtbiU2c0z4qYL5L3Kmx0mMA/+t/SbY67w=="
      },
      "System.Text.Encoding.CodePages": {
        "type": "Transitive",
        "resolved": "4.7.0",
        "contentHash": "aeu4FlaUTemuT1qOd1MyU4T516QR4Fy+9yDbwWMPHOHy7U8FD6SgTzdZFO7gHcfAPHtECqInbwklVvUK4RHcNg==",
        "dependencies": {
          "Microsoft.NETCore.Platforms": "3.1.0"
        }
      },
      "System.ValueTuple": {
        "type": "Transitive",
        "resolved": "4.5.0",
        "contentHash": "okurQJO6NRE/apDIP23ajJ0hpiNmJ+f0BwOlB/cSqTLQlw5upkf+5+96+iG2Jw40G1fCVCyPz/FhIABUjMR+RQ=="
      },
      "ZstdNet": {
        "type": "Transitive",
        "resolved": "1.4.5",
        "contentHash": "fi9aP1QY3ZenIMUW1pxdSjku6lYAUjScrwfXSXT1qyKtTdLxOIzeBMe+w/hQm0vMsvQnjcFInByMrIT7AlXUHA=="
      },
      "soulsformats": {
        "type": "Project",
        "dependencies": {
          "BouncyCastle.Cryptography": "[2.4.0, )",
          "DrSwizzler": "[1.1.1, )",
          "System.Text.Encoding.CodePages": "[4.7.0, )",
          "System.ValueTuple": "[4.5.0, )",
          "ZstdNet": "[1.4.5, )"
        }
      }
    }
  }
}