{
  "version": 1,
  "dependencies": {
    "net7.0-windows7.0": {
      "BouncyCastle.Cryptography": {
        "type": "Transitive",
        "resolved": "2.2.0",
        "contentHash": "TEhtnfEnxppBM7u3t8hysLwdaWjGEK+IF6Gy6yI69oLT7nlYdyPlgoLaHAq+HqY+ycq58YtCVetAzXtHjqRytQ=="
      },
      "System.Text.Encoding.CodePages": {
        "type": "Transitive",
        "resolved": "7.0.0",
        "contentHash": "LSyCblMpvOe0N3E+8e0skHcrIhgV2huaNcjUUEa8hRtgEAm36aGkRoC8Jxlb6Ra6GSfF29ftduPNywin8XolzQ=="
      },
      "System.ValueTuple": {
        "type": "Transitive",
        "resolved": "4.5.0",
        "contentHash": "okurQJO6NRE/apDIP23ajJ0hpiNmJ+f0BwOlB/cSqTLQlw5upkf+5+96+iG2Jw40G1fCVCyPz/FhIABUjMR+RQ=="
      },
      "soulsformats": {
        "type": "Project",
        "dependencies": {
          "BouncyCastle.Cryptography": "[2.2.0, )",
          "System.Text.Encoding.CodePages": "[7.0.0, )",
          "System.ValueTuple": "[4.5.0, )"
        }
      },
      "studioutils": {
        "type": "Project"
      }
    }
  }
}